
Microsoft Visual Studio Solution File, Format Version 12.00
# Visual Studio Version 17
VisualStudioVersion = 17.4.33205.214
MinimumVisualStudioVersion = 10.0.40219.1
Project("{9A19103F-16F7-4668-BE54-9A1E7A4F7556}") = "UmbracoProject", "UmbracoProject\UmbracoProject.csproj", "{ABB65A14-CBC3-47F9-BD8F-BE3FC1E23CAB}"
EndProject
Project("{2150E333-8FDC-42A3-9474-1A3956D46DE8}") = "Solution Items", "Solution Items", "{D65989EC-F7AC-44C5-ACE3-9C5B88DA359B}"
	ProjectSection(SolutionItems) = preProject
		README.md = README.md
	EndProjectSection
EndProject
Project("{9A19103F-16F7-4668-BE54-9A1E7A4F7556}") = "BlazorFrontend", "BlazorFrontend\BlazorFrontend.csproj", "{6CB9D83C-EDB8-4264-B6AF-6AD714434C2B}"
EndProject
Global
	GlobalSection(SolutionConfigurationPlatforms) = preSolution
		Debug|Any CPU = Debug|Any CPU
		Release|Any CPU = Release|Any CPU
	EndGlobalSection
	GlobalSection(ProjectConfigurationPlatforms) = postSolution
		{ABB65A14-CBC3-47F9-BD8F-BE3FC1E23CAB}.Debug|Any CPU.ActiveCfg = Debug|Any CPU
		{ABB65A14-CBC3-47F9-BD8F-BE3FC1E23CAB}.Debug|Any CPU.Build.0 = Debug|Any CPU
		{ABB65A14-CBC3-47F9-BD8F-BE3FC1E23CAB}.Release|Any CPU.ActiveCfg = Release|Any CPU
		{ABB65A14-CBC3-47F9-BD8F-BE3FC1E23CAB}.Release|Any CPU.Build.0 = Release|Any CPU
		{6CB9D83C-EDB8-4264-B6AF-6AD714434C2B}.Debug|Any CPU.ActiveCfg = Debug|Any CPU
		{6CB9D83C-EDB8-4264-B6AF-6AD714434C2B}.Debug|Any CPU.Build.0 = Debug|Any CPU
		{6CB9D83C-EDB8-4264-B6AF-6AD714434C2B}.Release|Any CPU.ActiveCfg = Release|Any CPU
		{6CB9D83C-EDB8-4264-B6AF-6AD714434C2B}.Release|Any CPU.Build.0 = Release|Any CPU
	EndGlobalSection
	GlobalSection(SolutionProperties) = preSolution
		HideSolutionNode = FALSE
	EndGlobalSection
	GlobalSection(ExtensibilityGlobals) = postSolution
		SolutionGuid = {C61E031A-5EF9-4C14-A13D-DE060FEF15D8}
	EndGlobalSection
EndGlobal
